
Microsoft Visual Studio Solution File, Format Version 12.00
# Visual Studio Version 17
VisualStudioVersion = 17.14.35821.62 d17.14
MinimumVisualStudioVersion = 10.0.40219.1
Project("{FAE04EC0-301F-11D3-BF4B-00C04F79EFBC}") = "Deref_after_null", "Deref_after_null\Deref_after_null\Deref_after_null.csproj", "{3863962E-071E-4DA1-82D8-F64EACC46D87}"
EndProject
Project("{FAE04EC0-301F-11D3-BF4B-00C04F79EFBC}") = "Deref_after_null.CodeFixes", "Deref_after_null\Deref_after_null.CodeFixes\Deref_after_null.CodeFixes.csproj", "{13291E56-FBE9-438D-9F1A-4C030E79EF97}"
EndProject
Project("{FAE04EC0-301F-11D3-BF4B-00C04F79EFBC}") = "Deref_after_null.Package", "Deref_after_null\Deref_after_null.Package\Deref_after_null.Package.csproj", "{E3B765B3-8EBA-4574-BD6E-939382ECA8CD}"
EndProject
Project("{FAE04EC0-301F-11D3-BF4B-00C04F79EFBC}") = "Deref_after_null.Test", "Deref_after_null\Deref_after_null.Test\Deref_after_null.Test.csproj", "{8A5E826A-A03C-4FA4-958C-F14B958FC6EC}"
EndProject
Project("{FAE04EC0-301F-11D3-BF4B-00C04F79EFBC}") = "Deref_after_null.Vsix", "Deref_after_null\Deref_after_null.Vsix\Deref_after_null.Vsix.csproj", "{53C95CB4-0C3E-4B51-9BC5-616FCF860835}"
EndProject
Global
	GlobalSection(SolutionConfigurationPlatforms) = preSolution
		Debug|Any CPU = Debug|Any CPU
		Release|Any CPU = Release|Any CPU
	EndGlobalSection
	GlobalSection(ProjectConfigurationPlatforms) = postSolution
		{3863962E-071E-4DA1-82D8-F64EACC46D87}.Debug|Any CPU.ActiveCfg = Debug|Any CPU
		{3863962E-071E-4DA1-82D8-F64EACC46D87}.Debug|Any CPU.Build.0 = Debug|Any CPU
		{3863962E-071E-4DA1-82D8-F64EACC46D87}.Release|Any CPU.ActiveCfg = Release|Any CPU
		{3863962E-071E-4DA1-82D8-F64EACC46D87}.Release|Any CPU.Build.0 = Release|Any CPU
		{13291E56-FBE9-438D-9F1A-4C030E79EF97}.Debug|Any CPU.ActiveCfg = Debug|Any CPU
		{13291E56-FBE9-438D-9F1A-4C030E79EF97}.Debug|Any CPU.Build.0 = Debug|Any CPU
		{13291E56-FBE9-438D-9F1A-4C030E79EF97}.Release|Any CPU.ActiveCfg = Release|Any CPU
		{13291E56-FBE9-438D-9F1A-4C030E79EF97}.Release|Any CPU.Build.0 = Release|Any CPU
		{E3B765B3-8EBA-4574-BD6E-939382ECA8CD}.Debug|Any CPU.ActiveCfg = Debug|Any CPU
		{E3B765B3-8EBA-4574-BD6E-939382ECA8CD}.Debug|Any CPU.Build.0 = Debug|Any CPU
		{E3B765B3-8EBA-4574-BD6E-939382ECA8CD}.Release|Any CPU.ActiveCfg = Release|Any CPU
		{E3B765B3-8EBA-4574-BD6E-939382ECA8CD}.Release|Any CPU.Build.0 = Release|Any CPU
		{8A5E826A-A03C-4FA4-958C-F14B958FC6EC}.Debug|Any CPU.ActiveCfg = Debug|Any CPU
		{8A5E826A-A03C-4FA4-958C-F14B958FC6EC}.Debug|Any CPU.Build.0 = Debug|Any CPU
		{8A5E826A-A03C-4FA4-958C-F14B958FC6EC}.Release|Any CPU.ActiveCfg = Release|Any CPU
		{8A5E826A-A03C-4FA4-958C-F14B958FC6EC}.Release|Any CPU.Build.0 = Release|Any CPU
		{53C95CB4-0C3E-4B51-9BC5-616FCF860835}.Debug|Any CPU.ActiveCfg = Debug|Any CPU
		{53C95CB4-0C3E-4B51-9BC5-616FCF860835}.Debug|Any CPU.Build.0 = Debug|Any CPU
		{53C95CB4-0C3E-4B51-9BC5-616FCF860835}.Release|Any CPU.ActiveCfg = Release|Any CPU
		{53C95CB4-0C3E-4B51-9BC5-616FCF860835}.Release|Any CPU.Build.0 = Release|Any CPU
	EndGlobalSection
	GlobalSection(SolutionProperties) = preSolution
		HideSolutionNode = FALSE
	EndGlobalSection
	GlobalSection(ExtensibilityGlobals) = postSolution
		SolutionGuid = {78421EA4-F237-4D86-8620-036374E58D76}
	EndGlobalSection
EndGlobal
